// !$*UTF8*$!
{
	archiveVersion = 1;
	classes = {
	};
	objectVersion = 56;
	objects = {

/* Begin PBXBuildFile section */
		47D5217A29CA2DB500F38524 /* 2.3.png in Resources */ = {isa = PBXBuildFile; fileRef = 47D5217229CA2DB400F38524 /* 2.3.png */; };
		47D5217B29CA2DB500F38524 /* 2.2.png in Resources */ = {isa = PBXBuildFile; fileRef = 47D5217329CA2DB400F38524 /* 2.2.png */; };
		47D5217C29CA2DB500F38524 /* 1.2.png in Resources */ = {isa = PBXBuildFile; fileRef = 47D5217429CA2DB400F38524 /* 1.2.png */; };
		47D5217D29CA2DB500F38524 /* 1.3.png in Resources */ = {isa = PBXBuildFile; fileRef = 47D5217529CA2DB400F38524 /* 1.3.png */; };
		47D5217E29CA2DB500F38524 /* 1.4.png in Resources */ = {isa = PBXBuildFile; fileRef = 47D5217629CA2DB400F38524 /* 1.4.png */; };
		47D5217F29CA2DB500F38524 /* 2.1.png in Resources */ = {isa = PBXBuildFile; fileRef = 47D5217729CA2DB400F38524 /* 2.1.png */; };
		47D5218029CA2DB500F38524 /* 2.4.png in Resources */ = {isa = PBXBuildFile; fileRef = 47D5217829CA2DB500F38524 /* 2.4.png */; };
		47D5218129CA2DB500F38524 /* 1.1.png in Resources */ = {isa = PBXBuildFile; fileRef = 47D5217929CA2DB500F38524 /* 1.1.png */; };
		95F048B229C869F200D26034 /* Swift_TA_NavigationApp.swift in Sources */ = {isa = PBXBuildFile; fileRef = 95F048B129C869F200D26034 /* Swift_TA_NavigationApp.swift */; };
		95F048B429C869F200D26034 /* ContentView.swift in Sources */ = {isa = PBXBuildFile; fileRef = 95F048B329C869F200D26034 /* ContentView.swift */; };
		95F048B629C869F300D26034 /* Assets.xcassets in Resources */ = {isa = PBXBuildFile; fileRef = 95F048B529C869F300D26034 /* Assets.xcassets */; };
		95F048B929C869F300D26034 /* Preview Assets.xcassets in Resources */ = {isa = PBXBuildFile; fileRef = 95F048B829C869F300D26034 /* Preview Assets.xcassets */; };
		95F8C9EC29C9E7E600EBC15C /* Aufgabe02.swift in Sources */ = {isa = PBXBuildFile; fileRef = 95F8C9EB29C9E7E600EBC15C /* Aufgabe02.swift */; };
		95F8C9EE29C9E7FF00EBC15C /* Planet.swift in Sources */ = {isa = PBXBuildFile; fileRef = 95F8C9ED29C9E7FF00EBC15C /* Planet.swift */; };
		95F8C9F029C9E8D400EBC15C /* PlanetDetail.swift in Sources */ = {isa = PBXBuildFile; fileRef = 95F8C9EF29C9E8D400EBC15C /* PlanetDetail.swift */; };
		95F8C9F329C9E97E00EBC15C /* Aufgabe01.swift in Sources */ = {isa = PBXBuildFile; fileRef = 95F8C9F229C9E97E00EBC15C /* Aufgabe01.swift */; };
		95F8C9F529C9E99100EBC15C /* ProfileView.swift in Sources */ = {isa = PBXBuildFile; fileRef = 95F8C9F429C9E99100EBC15C /* ProfileView.swift */; };
		95F8C9F729C9E99E00EBC15C /* SettingsView.swift in Sources */ = {isa = PBXBuildFile; fileRef = 95F8C9F629C9E99E00EBC15C /* SettingsView.swift */; };
		95F8C9F929C9E9AD00EBC15C /* ShapesView.swift in Sources */ = {isa = PBXBuildFile; fileRef = 95F8C9F829C9E9AD00EBC15C /* ShapesView.swift */; };
		95F8C9FE29CA0D0000EBC15C /* README.md in Resources */ = {isa = PBXBuildFile; fileRef = 95F8C9FD29CA0D0000EBC15C /* README.md */; };
/* End PBXBuildFile section */

/* Begin PBXFileReference section */
		47D5217229CA2DB400F38524 /* 2.3.png */ = {isa = PBXFileReference; lastKnownFileType = image.png; path = 2.3.png; sourceTree = "<group>"; };
		47D5217329CA2DB400F38524 /* 2.2.png */ = {isa = PBXFileReference; lastKnownFileType = image.png; path = 2.2.png; sourceTree = "<group>"; };
		47D5217429CA2DB400F38524 /* 1.2.png */ = {isa = PBXFileReference; lastKnownFileType = image.png; path = 1.2.png; sourceTree = "<group>"; };
		47D5217529CA2DB400F38524 /* 1.3.png */ = {isa = PBXFileReference; lastKnownFileType = image.png; path = 1.3.png; sourceTree = "<group>"; };
		47D5217629CA2DB400F38524 /* 1.4.png */ = {isa = PBXFileReference; lastKnownFileType = image.png; path = 1.4.png; sourceTree = "<group>"; };
		47D5217729CA2DB400F38524 /* 2.1.png */ = {isa = PBXFileReference; lastKnownFileType = image.png; path = 2.1.png; sourceTree = "<group>"; };
		47D5217829CA2DB500F38524 /* 2.4.png */ = {isa = PBXFileReference; lastKnownFileType = image.png; path = 2.4.png; sourceTree = "<group>"; };
		47D5217929CA2DB500F38524 /* 1.1.png */ = {isa = PBXFileReference; lastKnownFileType = image.png; path = 1.1.png; sourceTree = "<group>"; };
		95F048AE29C869F200D26034 /* Swift_TA_Navigation.app */ = {isa = PBXFileReference; explicitFileType = wrapper.application; includeInIndex = 0; path = Swift_TA_Navigation.app; sourceTree = BUILT_PRODUCTS_DIR; };
		95F048B129C869F200D26034 /* Swift_TA_NavigationApp.swift */ = {isa = PBXFileReference; lastKnownFileType = sourcecode.swift; path = Swift_TA_NavigationApp.swift; sourceTree = "<group>"; };
		95F048B329C869F200D26034 /* ContentView.swift */ = {isa = PBXFileReference; lastKnownFileType = sourcecode.swift; path = ContentView.swift; sourceTree = "<group>"; };
		95F048B529C869F300D26034 /* Assets.xcassets */ = {isa = PBXFileReference; lastKnownFileType = folder.assetcatalog; path = Assets.xcassets; sourceTree = "<group>"; };
		95F048B829C869F300D26034 /* Preview Assets.xcassets */ = {isa = PBXFileReference; lastKnownFileType = folder.assetcatalog; path = "Preview Assets.xcassets"; sourceTree = "<group>"; };
		95F8C9EB29C9E7E600EBC15C /* Aufgabe02.swift */ = {isa = PBXFileReference; lastKnownFileType = sourcecode.swift; path = Aufgabe02.swift; sourceTree = "<group>"; };
		95F8C9ED29C9E7FF00EBC15C /* Planet.swift */ = {isa = PBXFileReference; lastKnownFileType = sourcecode.swift; path = Planet.swift; sourceTree = "<group>"; };
		95F8C9EF29C9E8D400EBC15C /* PlanetDetail.swift */ = {isa = PBXFileReference; lastKnownFileType = sourcecode.swift; path = PlanetDetail.swift; sourceTree = "<group>"; };
		95F8C9F229C9E97E00EBC15C /* Aufgabe01.swift */ = {isa = PBXFileReference; lastKnownFileType = sourcecode.swift; path = Aufgabe01.swift; sourceTree = "<group>"; };
		95F8C9F429C9E99100EBC15C /* ProfileView.swift */ = {isa = PBXFileReference; lastKnownFileType = sourcecode.swift; path = ProfileView.swift; sourceTree = "<group>"; };
		95F8C9F629C9E99E00EBC15C /* SettingsView.swift */ = {isa = PBXFileReference; lastKnownFileType = sourcecode.swift; path = SettingsView.swift; sourceTree = "<group>"; };
		95F8C9F829C9E9AD00EBC15C /* ShapesView.swift */ = {isa = PBXFileReference; lastKnownFileType = sourcecode.swift; path = ShapesView.swift; sourceTree = "<group>"; };
		95F8C9FD29CA0D0000EBC15C /* README.md */ = {isa = PBXFileReference; fileEncoding = 4; lastKnownFileType = net.daringfireball.markdown; path = README.md; sourceTree = "<group>"; };
/* End PBXFileReference section */

/* Begin PBXFrameworksBuildPhase section */
		95F048AB29C869F200D26034 /* Frameworks */ = {
			isa = PBXFrameworksBuildPhase;
			buildActionMask = 2147483647;
			files = (
			);
			runOnlyForDeploymentPostprocessing = 0;
		};
/* End PBXFrameworksBuildPhase section */

/* Begin PBXGroup section */
		95F048A529C869F200D26034 = {
			isa = PBXGroup;
			children = (
				95F3549A29CAF82D000A475B /* Screenshots */,
				95F8C9FD29CA0D0000EBC15C /* README.md */,
				95F048B029C869F200D26034 /* Swift_TA_Navigation */,
				95F048AF29C869F200D26034 /* Products */,
			);
			sourceTree = "<group>";
		};
		95F048AF29C869F200D26034 /* Products */ = {
			isa = PBXGroup;
			children = (
				95F048AE29C869F200D26034 /* Swift_TA_Navigation.app */,
			);
			name = Products;
			sourceTree = "<group>";
		};
		95F048B029C869F200D26034 /* Swift_TA_Navigation */ = {
			isa = PBXGroup;
			children = (
				95F048B129C869F200D26034 /* Swift_TA_NavigationApp.swift */,
				95F048B329C869F200D26034 /* ContentView.swift */,
				95F8C9FA29C9E9E200EBC15C /* Aufgabe01 */,
				95F8C9F129C9E90A00EBC15C /* Aufgabe02 */,
				95F048B529C869F300D26034 /* Assets.xcassets */,
				95F048B729C869F300D26034 /* Preview Content */,
			);
			path = Swift_TA_Navigation;
			sourceTree = "<group>";
		};
		95F048B729C869F300D26034 /* Preview Content */ = {
			isa = PBXGroup;
			children = (
				95F048B829C869F300D26034 /* Preview Assets.xcassets */,
			);
			path = "Preview Content";
			sourceTree = "<group>";
		};
		95F3549A29CAF82D000A475B /* Screenshots */ = {
			isa = PBXGroup;
			children = (
				47D5217929CA2DB500F38524 /* 1.1.png */,
				47D5217429CA2DB400F38524 /* 1.2.png */,
				47D5217529CA2DB400F38524 /* 1.3.png */,
				47D5217629CA2DB400F38524 /* 1.4.png */,
				47D5217729CA2DB400F38524 /* 2.1.png */,
				47D5217329CA2DB400F38524 /* 2.2.png */,
				47D5217229CA2DB400F38524 /* 2.3.png */,
				47D5217829CA2DB500F38524 /* 2.4.png */,
			);
			path = Screenshots;
			sourceTree = "<group>";
		};
		95F8C9F129C9E90A00EBC15C /* Aufgabe02 */ = {
			isa = PBXGroup;
			children = (
				95F8C9EB29C9E7E600EBC15C /* Aufgabe02.swift */,
				95F8C9EF29C9E8D400EBC15C /* PlanetDetail.swift */,
				95F8C9ED29C9E7FF00EBC15C /* Planet.swift */,
			);
			path = Aufgabe02;
			sourceTree = "<group>";
		};
		95F8C9FA29C9E9E200EBC15C /* Aufgabe01 */ = {
			isa = PBXGroup;
			children = (
				95F8C9F229C9E97E00EBC15C /* Aufgabe01.swift */,
				95F8C9F429C9E99100EBC15C /* ProfileView.swift */,
				95F8C9F629C9E99E00EBC15C /* SettingsView.swift */,
				95F8C9F829C9E9AD00EBC15C /* ShapesView.swift */,
			);
			path = Aufgabe01;
			sourceTree = "<group>";
		};
/* End PBXGroup section */

/* Begin PBXNativeTarget section */
		95F048AD29C869F200D26034 /* Swift_TA_Navigation */ = {
			isa = PBXNativeTarget;
			buildConfigurationList = 95F048BC29C869F300D26034 /* Build configuration list for PBXNativeTarget "Swift_TA_Navigation" */;
			buildPhases = (
				95F048AA29C869F200D26034 /* Sources */,
				95F048AB29C869F200D26034 /* Frameworks */,
				95F048AC29C869F200D26034 /* Resources */,
			);
			buildRules = (
			);
			dependencies = (
			);
			name = Swift_TA_Navigation;
			productName = Swift_TA_Navigation;
			productReference = 95F048AE29C869F200D26034 /* Swift_TA_Navigation.app */;
			productType = "com.apple.product-type.application";
		};
/* End PBXNativeTarget section */

/* Begin PBXProject section */
		95F048A629C869F200D26034 /* Project object */ = {
			isa = PBXProject;
			attributes = {
				BuildIndependentTargetsInParallel = 1;
				LastSwiftUpdateCheck = 1420;
				LastUpgradeCheck = 1420;
				TargetAttributes = {
					95F048AD29C869F200D26034 = {
						CreatedOnToolsVersion = 14.2;
					};
				};
			};
			buildConfigurationList = 95F048A929C869F200D26034 /* Build configuration list for PBXProject "Swift_TA_Navigation" */;
			compatibilityVersion = "Xcode 14.0";
			developmentRegion = en;
			hasScannedForEncodings = 0;
			knownRegions = (
				en,
				Base,
			);
			mainGroup = 95F048A529C869F200D26034;
			productRefGroup = 95F048AF29C869F200D26034 /* Products */;
			projectDirPath = "";
			projectRoot = "";
			targets = (
				95F048AD29C869F200D26034 /* Swift_TA_Navigation */,
			);
		};
/* End PBXProject section */

/* Begin PBXResourcesBuildPhase section */
		95F048AC29C869F200D26034 /* Resources */ = {
			isa = PBXResourcesBuildPhase;
			buildActionMask = 2147483647;
			files = (
				47D5217D29CA2DB500F38524 /* 1.3.png in Resources */,
				95F8C9FE29CA0D0000EBC15C /* README.md in Resources */,
				47D5218029CA2DB500F38524 /* 2.4.png in Resources */,
				47D5217A29CA2DB500F38524 /* 2.3.png in Resources */,
				47D5218129CA2DB500F38524 /* 1.1.png in Resources */,
				47D5217F29CA2DB500F38524 /* 2.1.png in Resources */,
				95F048B929C869F300D26034 /* Preview Assets.xcassets in Resources */,
				47D5217C29CA2DB500F38524 /* 1.2.png in Resources */,
				47D5217E29CA2DB500F38524 /* 1.4.png in Resources */,
				95F048B629C869F300D26034 /* Assets.xcassets in Resources */,
				47D5217B29CA2DB500F38524 /* 2.2.png in Resources */,
			);
			runOnlyForDeploymentPostprocessing = 0;
		};
/* End PBXResourcesBuildPhase section */

/* Begin PBXSourcesBuildPhase section */
		95F048AA29C869F200D26034 /* Sources */ = {
			isa = PBXSourcesBuildPhase;
			buildActionMask = 2147483647;
			files = (
				95F8C9F329C9E97E00EBC15C /* Aufgabe01.swift in Sources */,
				95F8C9F729C9E99E00EBC15C /* SettingsView.swift in Sources */,
				95F048B429C869F200D26034 /* ContentView.swift in Sources */,
				95F048B229C869F200D26034 /* Swift_TA_NavigationApp.swift in Sources */,
				95F8C9F029C9E8D400EBC15C /* PlanetDetail.swift in Sources */,
				95F8C9F929C9E9AD00EBC15C /* ShapesView.swift in Sources */,
				95F8C9EC29C9E7E600EBC15C /* Aufgabe02.swift in Sources */,
				95F8C9F529C9E99100EBC15C /* ProfileView.swift in Sources */,
				95F8C9EE29C9E7FF00EBC15C /* Planet.swift in Sources */,
			);
			runOnlyForDeploymentPostprocessing = 0;
		};
/* End PBXSourcesBuildPhase section */

/* Begin XCBuildConfiguration section */
		95F048BA29C869F300D26034 /* Debug */ = {
			isa = XCBuildConfiguration;
			buildSettings = {
				ALWAYS_SEARCH_USER_PATHS = NO;
				CLANG_ANALYZER_NONNULL = YES;
				CLANG_ANALYZER_NUMBER_OBJECT_CONVERSION = YES_AGGRESSIVE;
				CLANG_CXX_LANGUAGE_STANDARD = "gnu++20";
				CLANG_ENABLE_MODULES = YES;
				CLANG_ENABLE_OBJC_ARC = YES;
				CLANG_ENABLE_OBJC_WEAK = YES;
				CLANG_WARN_BLOCK_CAPTURE_AUTORELEASING = YES;
				CLANG_WARN_BOOL_CONVERSION = YES;
				CLANG_WARN_COMMA = YES;
				CLANG_WARN_CONSTANT_CONVERSION = YES;
				CLANG_WARN_DEPRECATED_OBJC_IMPLEMENTATIONS = YES;
				CLANG_WARN_DIRECT_OBJC_ISA_USAGE = YES_ERROR;
				CLANG_WARN_DOCUMENTATION_COMMENTS = YES;
				CLANG_WARN_EMPTY_BODY = YES;
				CLANG_WARN_ENUM_CONVERSION = YES;
				CLANG_WARN_INFINITE_RECURSION = YES;
				CLANG_WARN_INT_CONVERSION = YES;
				CLANG_WARN_NON_LITERAL_NULL_CONVERSION = YES;
				CLANG_WARN_OBJC_IMPLICIT_RETAIN_SELF = YES;
				CLANG_WARN_OBJC_LITERAL_CONVERSION = YES;
				CLANG_WARN_OBJC_ROOT_CLASS = YES_ERROR;
				CLANG_WARN_QUOTED_INCLUDE_IN_FRAMEWORK_HEADER = YES;
				CLANG_WARN_RANGE_LOOP_ANALYSIS = YES;
				CLANG_WARN_STRICT_PROTOTYPES = YES;
				CLANG_WARN_SUSPICIOUS_MOVE = YES;
				CLANG_WARN_UNGUARDED_AVAILABILITY = YES_AGGRESSIVE;
				CLANG_WARN_UNREACHABLE_CODE = YES;
				CLANG_WARN__DUPLICATE_METHOD_MATCH = YES;
				COPY_PHASE_STRIP = NO;
				DEBUG_INFORMATION_FORMAT = dwarf;
				ENABLE_STRICT_OBJC_MSGSEND = YES;
				ENABLE_TESTABILITY = YES;
				GCC_C_LANGUAGE_STANDARD = gnu11;
				GCC_DYNAMIC_NO_PIC = NO;
				GCC_NO_COMMON_BLOCKS = YES;
				GCC_OPTIMIZATION_LEVEL = 0;
				GCC_PREPROCESSOR_DEFINITIONS = (
					"DEBUG=1",
					"$(inherited)",
				);
				GCC_WARN_64_TO_32_BIT_CONVERSION = YES;
				GCC_WARN_ABOUT_RETURN_TYPE = YES_ERROR;
				GCC_WARN_UNDECLARED_SELECTOR = YES;
				GCC_WARN_UNINITIALIZED_AUTOS = YES_AGGRESSIVE;
				GCC_WARN_UNUSED_FUNCTION = YES;
				GCC_WARN_UNUSED_VARIABLE = YES;
				IPHONEOS_DEPLOYMENT_TARGET = 16.2;
				MTL_ENABLE_DEBUG_INFO = INCLUDE_SOURCE;
				MTL_FAST_MATH = YES;
				ONLY_ACTIVE_ARCH = YES;
				SDKROOT = iphoneos;
				SWIFT_ACTIVE_COMPILATION_CONDITIONS = DEBUG;
				SWIFT_OPTIMIZATION_LEVEL = "-Onone";
			};
			name = Debug;
		};
		95F048BB29C869F300D26034 /* Release */ = {
			isa = XCBuildConfiguration;
			buildSettings = {
				ALWAYS_SEARCH_USER_PATHS = NO;
				CLANG_ANALYZER_NONNULL = YES;
				CLANG_ANALYZER_NUMBER_OBJECT_CONVERSION = YES_AGGRESSIVE;
				CLANG_CXX_LANGUAGE_STANDARD = "gnu++20";
				CLANG_ENABLE_MODULES = YES;
				CLANG_ENABLE_OBJC_ARC = YES;
				CLANG_ENABLE_OBJC_WEAK = YES;
				CLANG_WARN_BLOCK_CAPTURE_AUTORELEASING = YES;
				CLANG_WARN_BOOL_CONVERSION = YES;
				CLANG_WARN_COMMA = YES;
				CLANG_WARN_CONSTANT_CONVERSION = YES;
				CLANG_WARN_DEPRECATED_OBJC_IMPLEMENTATIONS = YES;
				CLANG_WARN_DIRECT_OBJC_ISA_USAGE = YES_ERROR;
				CLANG_WARN_DOCUMENTATION_COMMENTS = YES;
				CLANG_WARN_EMPTY_BODY = YES;
				CLANG_WARN_ENUM_CONVERSION = YES;
				CLANG_WARN_INFINITE_RECURSION = YES;
				CLANG_WARN_INT_CONVERSION = YES;
				CLANG_WARN_NON_LITERAL_NULL_CONVERSION = YES;
				CLANG_WARN_OBJC_IMPLICIT_RETAIN_SELF = YES;
				CLANG_WARN_OBJC_LITERAL_CONVERSION = YES;
				CLANG_WARN_OBJC_ROOT_CLASS = YES_ERROR;
				CLANG_WARN_QUOTED_INCLUDE_IN_FRAMEWORK_HEADER = YES;
				CLANG_WARN_RANGE_LOOP_ANALYSIS = YES;
				CLANG_WARN_STRICT_PROTOTYPES = YES;
				CLANG_WARN_SUSPICIOUS_MOVE = YES;
				CLANG_WARN_UNGUARDED_AVAILABILITY = YES_AGGRESSIVE;
				CLANG_WARN_UNREACHABLE_CODE = YES;
				CLANG_WARN__DUPLICATE_METHOD_MATCH = YES;
				COPY_PHASE_STRIP = NO;
				DEBUG_INFORMATION_FORMAT = "dwarf-with-dsym";
				ENABLE_NS_ASSERTIONS = NO;
				ENABLE_STRICT_OBJC_MSGSEND = YES;
				GCC_C_LANGUAGE_STANDARD = gnu11;
				GCC_NO_COMMON_BLOCKS = YES;
				GCC_WARN_64_TO_32_BIT_CONVERSION = YES;
				GCC_WARN_ABOUT_RETURN_TYPE = YES_ERROR;
				GCC_WARN_UNDECLARED_SELECTOR = YES;
				GCC_WARN_UNINITIALIZED_AUTOS = YES_AGGRESSIVE;
				GCC_WARN_UNUSED_FUNCTION = YES;
				GCC_WARN_UNUSED_VARIABLE = YES;
				IPHONEOS_DEPLOYMENT_TARGET = 16.2;
				MTL_ENABLE_DEBUG_INFO = NO;
				MTL_FAST_MATH = YES;
				SDKROOT = iphoneos;
				SWIFT_COMPILATION_MODE = wholemodule;
				SWIFT_OPTIMIZATION_LEVEL = "-O";
				VALIDATE_PRODUCT = YES;
			};
			name = Release;
		};
		95F048BD29C869F300D26034 /* Debug */ = {
			isa = XCBuildConfiguration;
			buildSettings = {
				ASSETCATALOG_COMPILER_APPICON_NAME = AppIcon;
				ASSETCATALOG_COMPILER_GLOBAL_ACCENT_COLOR_NAME = AccentColor;
				CODE_SIGN_STYLE = Automatic;
				CURRENT_PROJECT_VERSION = 1;
				DEVELOPMENT_ASSET_PATHS = "\"Swift_TA_Navigation/Preview Content\"";
				ENABLE_PREVIEWS = YES;
				GENERATE_INFOPLIST_FILE = YES;
				INFOPLIST_KEY_UIApplicationSceneManifest_Generation = YES;
				INFOPLIST_KEY_UIApplicationSupportsIndirectInputEvents = YES;
				INFOPLIST_KEY_UILaunchScreen_Generation = YES;
				INFOPLIST_KEY_UISupportedInterfaceOrientations_iPad = "UIInterfaceOrientationPortrait UIInterfaceOrientationPortraitUpsideDown UIInterfaceOrientationLandscapeLeft UIInterfaceOrientationLandscapeRight";
				INFOPLIST_KEY_UISupportedInterfaceOrientations_iPhone = "UIInterfaceOrientationPortrait UIInterfaceOrientationLandscapeLeft UIInterfaceOrientationLandscapeRight";
				LD_RUNPATH_SEARCH_PATHS = (
					"$(inherited)",
					"@executable_path/Frameworks",
				);
				MARKETING_VERSION = 1.0;
				PRODUCT_BUNDLE_IDENTIFIER = "com.Syntax.Swift-TA-Navigation";
				PRODUCT_NAME = "$(TARGET_NAME)";
				SWIFT_EMIT_LOC_STRINGS = YES;
				SWIFT_VERSION = 5.0;
				TARGETED_DEVICE_FAMILY = "1,2";
			};
			name = Debug;
		};
		95F048BE29C869F300D26034 /* Release */ = {
			isa = XCBuildConfiguration;
			buildSettings = {
				ASSETCATALOG_COMPILER_APPICON_NAME = AppIcon;
				ASSETCATALOG_COMPILER_GLOBAL_ACCENT_COLOR_NAME = AccentColor;
				CODE_SIGN_STYLE = Automatic;
				CURRENT_PROJECT_VERSION = 1;
				DEVELOPMENT_ASSET_PATHS = "\"Swift_TA_Navigation/Preview Content\"";
				ENABLE_PREVIEWS = YES;
				GENERATE_INFOPLIST_FILE = YES;
				INFOPLIST_KEY_UIApplicationSceneManifest_Generation = YES;
				INFOPLIST_KEY_UIApplicationSupportsIndirectInputEvents = YES;
				INFOPLIST_KEY_UILaunchScreen_Generation = YES;
				INFOPLIST_KEY_UISupportedInterfaceOrientations_iPad = "UIInterfaceOrientationPortrait UIInterfaceOrientationPortraitUpsideDown UIInterfaceOrientationLandscapeLeft UIInterfaceOrientationLandscapeRight";
				INFOPLIST_KEY_UISupportedInterfaceOrientations_iPhone = "UIInterfaceOrientationPortrait UIInterfaceOrientationLandscapeLeft UIInterfaceOrientationLandscapeRight";
				LD_RUNPATH_SEARCH_PATHS = (
					"$(inherited)",
					"@executable_path/Frameworks",
				);
				MARKETING_VERSION = 1.0;
				PRODUCT_BUNDLE_IDENTIFIER = "com.Syntax.Swift-TA-Navigation";
				PRODUCT_NAME = "$(TARGET_NAME)";
				SWIFT_EMIT_LOC_STRINGS = YES;
				SWIFT_VERSION = 5.0;
				TARGETED_DEVICE_FAMILY = "1,2";
			};
			name = Release;
		};
/* End XCBuildConfiguration section */

/* Begin XCConfigurationList section */
		95F048A929C869F200D26034 /* Build configuration list for PBXProject "Swift_TA_Navigation" */ = {
			isa = XCConfigurationList;
			buildConfigurations = (
				95F048BA29C869F300D26034 /* Debug */,
				95F048BB29C869F300D26034 /* Release */,
			);
			defaultConfigurationIsVisible = 0;
			defaultConfigurationName = Release;
		};
		95F048BC29C869F300D26034 /* Build configuration list for PBXNativeTarget "Swift_TA_Navigation" */ = {
			isa = XCConfigurationList;
			buildConfigurations = (
				95F048BD29C869F300D26034 /* Debug */,
				95F048BE29C869F300D26034 /* Release */,
			);
			defaultConfigurationIsVisible = 0;
			defaultConfigurationName = Release;
		};
/* End XCConfigurationList section */
	};
	rootObject = 95F048A629C869F200D26034 /* Project object */;
}
